
Microsoft Visual Studio Solution File, Format Version 12.00
# Visual Studio Version 16
VisualStudioVersion = 16.0.30204.135
MinimumVisualStudioVersion = 10.0.40219.1
Project("{6EC3EE1D-3C4E-46DD-8F32-0CC8E7565705}") = "WebSuggestionWrappers", "src/WebSuggestionWrappers.fsproj", "{F7D839BE-FD59-4167-9E54-649D382A8858}"
EndProject
Global
	GlobalSection(SolutionConfigurationPlatforms) = preSolution
		Debug|Any CPU = Debug|Any CPU
		Release|Any CPU = Release|Any CPU
	EndGlobalSection
	GlobalSection(ProjectConfigurationPlatforms) = postSolution
		{F7D839BE-FD59-4167-9E54-649D382A8858}.Debug|Any CPU.ActiveCfg = Debug|Any CPU
		{F7D839BE-FD59-4167-9E54-649D382A8858}.Debug|Any CPU.Build.0 = Debug|Any CPU
		{F7D839BE-FD59-4167-9E54-649D382A8858}.Release|Any CPU.ActiveCfg = Release|Any CPU
		{F7D839BE-FD59-4167-9E54-649D382A8858}.Release|Any CPU.Build.0 = Release|Any CPU
	EndGlobalSection
	GlobalSection(SolutionProperties) = preSolution
		HideSolutionNode = FALSE
	EndGlobalSection
	GlobalSection(ExtensibilityGlobals) = postSolution
		SolutionGuid = {0D566FB8-8DF6-4ACE-BAF1-18E338271E85}
	EndGlobalSection
EndGlobal
